
Microsoft Visual Studio Solution File, Format Version 12.00
# Visual Studio 2013
VisualStudioVersion = 12.0.31101.0
MinimumVisualStudioVersion = 10.0.40219.1
Project("{8BC9CEB8-8B4A-11D0-8D11-00A0C91BC942}") = "CppBasics01", "CppBasics01\CppBasics01.vcxproj", "{87C6504D-5D1B-4A5E-BAAA-CB9B4E761AE9}"
EndProject
Global
	GlobalSection(SolutionConfigurationPlatforms) = preSolution
		Debug|Win32 = Debug|Win32
		Release|Win32 = Release|Win32
	EndGlobalSection
	GlobalSection(ProjectConfigurationPlatforms) = postSolution
		{87C6504D-5D1B-4A5E-BAAA-CB9B4E761AE9}.Debug|Win32.ActiveCfg = Debug|Win32
		{87C6504D-5D1B-4A5E-BAAA-CB9B4E761AE9}.Debug|Win32.Build.0 = Debug|Win32
		{87C6504D-5D1B-4A5E-BAAA-CB9B4E761AE9}.Release|Win32.ActiveCfg = Release|Win32
		{87C6504D-5D1B-4A5E-BAAA-CB9B4E761AE9}.Release|Win32.Build.0 = Release|Win32
	EndGlobalSection
	GlobalSection(SolutionProperties) = preSolution
		HideSolutionNode = FALSE
	EndGlobalSection
EndGlobal
